// !$*UTF8*$!
{
	archiveVersion = 1;
	classes = {
	};
	objectVersion = 50;
	objects = {

/* Begin PBXBuildFile section */
		6FF9C9F720B32CF800CAEC65 /* AppDelegate.swift in Sources */ = {isa = PBXBuildFile; fileRef = 6FF9C9F620B32CF800CAEC65 /* AppDelegate.swift */; };
		6FF9C9FE20B32CF800CAEC65 /* Assets.xcassets in Resources */ = {isa = PBXBuildFile; fileRef = 6FF9C9FD20B32CF800CAEC65 /* Assets.xcassets */; };
		6FF9CA0120B32CF800CAEC65 /* LaunchScreen.storyboard in Resources */ = {isa = PBXBuildFile; fileRef = 6FF9C9FF20B32CF800CAEC65 /* LaunchScreen.storyboard */; };
		6FF9CA0920B32EA900CAEC65 /* GithubAPI.swift in Sources */ = {isa = PBXBuildFile; fileRef = 6FF9CA0820B32EA900CAEC65 /* GithubAPI.swift */; };
		6FF9CA0D20B32F8600CAEC65 /* Repo.swift in Sources */ = {isa = PBXBuildFile; fileRef = 6FF9CA0C20B32F8600CAEC65 /* Repo.swift */; };
		6FF9CA0F20B330E500CAEC65 /* AlamofireGithubAPI.swift in Sources */ = {isa = PBXBuildFile; fileRef = 6FF9CA0E20B330E500CAEC65 /* AlamofireGithubAPI.swift */; };
		6FF9CA1220B3352500CAEC65 /* Container.swift in Sources */ = {isa = PBXBuildFile; fileRef = 6FF9CA1120B3352500CAEC65 /* Container.swift */; };
		6FF9CA1420B335CC00CAEC65 /* RootCoordinator.swift in Sources */ = {isa = PBXBuildFile; fileRef = 6FF9CA1320B335CC00CAEC65 /* RootCoordinator.swift */; };
		6FF9CA1820B336A200CAEC65 /* RepoListViewController.swift in Sources */ = {isa = PBXBuildFile; fileRef = 6FF9CA1620B336A200CAEC65 /* RepoListViewController.swift */; };
		6FF9CA1920B336A200CAEC65 /* RepoListView.xib in Resources */ = {isa = PBXBuildFile; fileRef = 6FF9CA1720B336A200CAEC65 /* RepoListView.xib */; };
		C9F877A285AAB7A113C52CA0 /* Pods_GitHubba.framework in Frameworks */ = {isa = PBXBuildFile; fileRef = C9695D77C9A87829D1FDA3EA /* Pods_GitHubba.framework */; };
/* End PBXBuildFile section */

/* Begin PBXFileReference section */
		2E503D35C3CCE68DC02D0988 /* Pods-GitHubba.debug.xcconfig */ = {isa = PBXFileReference; includeInIndex = 1; lastKnownFileType = text.xcconfig; name = "Pods-GitHubba.debug.xcconfig"; path = "Pods/Target Support Files/Pods-GitHubba/Pods-GitHubba.debug.xcconfig"; sourceTree = "<group>"; };
		6FF9C9F320B32CF800CAEC65 /* GitHubba.app */ = {isa = PBXFileReference; explicitFileType = wrapper.application; includeInIndex = 0; path = GitHubba.app; sourceTree = BUILT_PRODUCTS_DIR; };
		6FF9C9F620B32CF800CAEC65 /* AppDelegate.swift */ = {isa = PBXFileReference; lastKnownFileType = sourcecode.swift; path = AppDelegate.swift; sourceTree = "<group>"; };
		6FF9C9FD20B32CF800CAEC65 /* Assets.xcassets */ = {isa = PBXFileReference; lastKnownFileType = folder.assetcatalog; path = Assets.xcassets; sourceTree = "<group>"; };
		6FF9CA0020B32CF800CAEC65 /* Base */ = {isa = PBXFileReference; lastKnownFileType = file.storyboard; name = Base; path = Base.lproj/LaunchScreen.storyboard; sourceTree = "<group>"; };
		6FF9CA0220B32CF800CAEC65 /* Info.plist */ = {isa = PBXFileReference; lastKnownFileType = text.plist.xml; path = Info.plist; sourceTree = "<group>"; };
		6FF9CA0820B32EA900CAEC65 /* GithubAPI.swift */ = {isa = PBXFileReference; lastKnownFileType = sourcecode.swift; path = GithubAPI.swift; sourceTree = "<group>"; };
		6FF9CA0C20B32F8600CAEC65 /* Repo.swift */ = {isa = PBXFileReference; lastKnownFileType = sourcecode.swift; path = Repo.swift; sourceTree = "<group>"; };
		6FF9CA0E20B330E500CAEC65 /* AlamofireGithubAPI.swift */ = {isa = PBXFileReference; lastKnownFileType = sourcecode.swift; path = AlamofireGithubAPI.swift; sourceTree = "<group>"; };
		6FF9CA1120B3352500CAEC65 /* Container.swift */ = {isa = PBXFileReference; lastKnownFileType = sourcecode.swift; path = Container.swift; sourceTree = "<group>"; };
		6FF9CA1320B335CC00CAEC65 /* RootCoordinator.swift */ = {isa = PBXFileReference; lastKnownFileType = sourcecode.swift; path = RootCoordinator.swift; sourceTree = "<group>"; };
		6FF9CA1620B336A200CAEC65 /* RepoListViewController.swift */ = {isa = PBXFileReference; lastKnownFileType = sourcecode.swift; path = RepoListViewController.swift; sourceTree = "<group>"; };
		6FF9CA1720B336A200CAEC65 /* RepoListView.xib */ = {isa = PBXFileReference; lastKnownFileType = file.xib; path = RepoListView.xib; sourceTree = "<group>"; };
		C9695D77C9A87829D1FDA3EA /* Pods_GitHubba.framework */ = {isa = PBXFileReference; explicitFileType = wrapper.framework; includeInIndex = 0; path = Pods_GitHubba.framework; sourceTree = BUILT_PRODUCTS_DIR; };
		CA868832CD6E4A6D7EF4AB73 /* Pods-GitHubba.release.xcconfig */ = {isa = PBXFileReference; includeInIndex = 1; lastKnownFileType = text.xcconfig; name = "Pods-GitHubba.release.xcconfig"; path = "Pods/Target Support Files/Pods-GitHubba/Pods-GitHubba.release.xcconfig"; sourceTree = "<group>"; };
/* End PBXFileReference section */

/* Begin PBXFrameworksBuildPhase section */
		6FF9C9F020B32CF700CAEC65 /* Frameworks */ = {
			isa = PBXFrameworksBuildPhase;
			buildActionMask = 2147483647;
			files = (
				C9F877A285AAB7A113C52CA0 /* Pods_GitHubba.framework in Frameworks */,
			);
			runOnlyForDeploymentPostprocessing = 0;
		};
/* End PBXFrameworksBuildPhase section */

/* Begin PBXGroup section */
		1F320212A903D65CD33441AE /* Frameworks */ = {
			isa = PBXGroup;
			children = (
				C9695D77C9A87829D1FDA3EA /* Pods_GitHubba.framework */,
			);
			name = Frameworks;
			sourceTree = "<group>";
		};
		43E18AD079B4F8B803C5A0A1 /* Pods */ = {
			isa = PBXGroup;
			children = (
				2E503D35C3CCE68DC02D0988 /* Pods-GitHubba.debug.xcconfig */,
				CA868832CD6E4A6D7EF4AB73 /* Pods-GitHubba.release.xcconfig */,
			);
			name = Pods;
			sourceTree = "<group>";
		};
		6FF9C9EA20B32CF700CAEC65 = {
			isa = PBXGroup;
			children = (
				6FF9C9F520B32CF800CAEC65 /* GitHubba */,
				6FF9C9F420B32CF800CAEC65 /* Products */,
				43E18AD079B4F8B803C5A0A1 /* Pods */,
				1F320212A903D65CD33441AE /* Frameworks */,
			);
			sourceTree = "<group>";
		};
		6FF9C9F420B32CF800CAEC65 /* Products */ = {
			isa = PBXGroup;
			children = (
				6FF9C9F320B32CF800CAEC65 /* GitHubba.app */,
			);
			name = Products;
			sourceTree = "<group>";
		};
		6FF9C9F520B32CF800CAEC65 /* GitHubba */ = {
			isa = PBXGroup;
			children = (
				6FF9C9F620B32CF800CAEC65 /* AppDelegate.swift */,
				6FF9CA1120B3352500CAEC65 /* Container.swift */,
				6FF9CA0B20B32F7200CAEC65 /* Repos */,
				6FF9CA0A20B32F4800CAEC65 /* API */,
				6FF9CA1020B3315200CAEC65 /* UI */,
				6FF9CA0220B32CF800CAEC65 /* Info.plist */,
			);
			path = GitHubba;
			sourceTree = "<group>";
		};
		6FF9CA0A20B32F4800CAEC65 /* API */ = {
			isa = PBXGroup;
			children = (
				6FF9CA0820B32EA900CAEC65 /* GithubAPI.swift */,
				6FF9CA0E20B330E500CAEC65 /* AlamofireGithubAPI.swift */,
			);
			path = API;
			sourceTree = "<group>";
		};
		6FF9CA0B20B32F7200CAEC65 /* Repos */ = {
			isa = PBXGroup;
			children = (
				6FF9CA0C20B32F8600CAEC65 /* Repo.swift */,
			);
			path = Repos;
			sourceTree = "<group>";
		};
		6FF9CA1020B3315200CAEC65 /* UI */ = {
			isa = PBXGroup;
			children = (
				6FF9CA1520B3361600CAEC65 /* RepoListViewController */,
				6FF9CA1320B335CC00CAEC65 /* RootCoordinator.swift */,
				6FF9C9FD20B32CF800CAEC65 /* Assets.xcassets */,
				6FF9C9FF20B32CF800CAEC65 /* LaunchScreen.storyboard */,
			);
			path = UI;
			sourceTree = "<group>";
		};
		6FF9CA1520B3361600CAEC65 /* RepoListViewController */ = {
			isa = PBXGroup;
			children = (
				6FF9CA1620B336A200CAEC65 /* RepoListViewController.swift */,
				6FF9CA1720B336A200CAEC65 /* RepoListView.xib */,
			);
			path = RepoListViewController;
			sourceTree = "<group>";
		};
/* End PBXGroup section */

/* Begin PBXNativeTarget section */
		6FF9C9F220B32CF700CAEC65 /* GitHubba */ = {
			isa = PBXNativeTarget;
			buildConfigurationList = 6FF9CA0520B32CF800CAEC65 /* Build configuration list for PBXNativeTarget "GitHubba" */;
			buildPhases = (
				B02DB943FB48E4CE958A08C6 /* [CP] Check Pods Manifest.lock */,
				6FF9C9EF20B32CF700CAEC65 /* Sources */,
				6FF9C9F020B32CF700CAEC65 /* Frameworks */,
				6FF9C9F120B32CF700CAEC65 /* Resources */,
				AB132F96C8D51881F57310F5 /* [CP] Embed Pods Frameworks */,
			);
			buildRules = (
			);
			dependencies = (
			);
			name = GitHubba;
			productName = GitHubba;
			productReference = 6FF9C9F320B32CF800CAEC65 /* GitHubba.app */;
			productType = "com.apple.product-type.application";
		};
/* End PBXNativeTarget section */

/* Begin PBXProject section */
		6FF9C9EB20B32CF700CAEC65 /* Project object */ = {
			isa = PBXProject;
			attributes = {
				LastSwiftUpdateCheck = 0930;
				LastUpgradeCheck = 0930;
				ORGANIZATIONNAME = garsd;
				TargetAttributes = {
					6FF9C9F220B32CF700CAEC65 = {
						CreatedOnToolsVersion = 9.3.1;
					};
				};
			};
			buildConfigurationList = 6FF9C9EE20B32CF700CAEC65 /* Build configuration list for PBXProject "GitHubba" */;
			compatibilityVersion = "Xcode 9.3";
			developmentRegion = en;
			hasScannedForEncodings = 0;
			knownRegions = (
				en,
				Base,
			);
			mainGroup = 6FF9C9EA20B32CF700CAEC65;
			productRefGroup = 6FF9C9F420B32CF800CAEC65 /* Products */;
			projectDirPath = "";
			projectRoot = "";
			targets = (
				6FF9C9F220B32CF700CAEC65 /* GitHubba */,
			);
		};
/* End PBXProject section */

/* Begin PBXResourcesBuildPhase section */
		6FF9C9F120B32CF700CAEC65 /* Resources */ = {
			isa = PBXResourcesBuildPhase;
			buildActionMask = 2147483647;
			files = (
				6FF9CA1920B336A200CAEC65 /* RepoListView.xib in Resources */,
				6FF9CA0120B32CF800CAEC65 /* LaunchScreen.storyboard in Resources */,
				6FF9C9FE20B32CF800CAEC65 /* Assets.xcassets in Resources */,
			);
			runOnlyForDeploymentPostprocessing = 0;
		};
/* End PBXResourcesBuildPhase section */

/* Begin PBXShellScriptBuildPhase section */
		AB132F96C8D51881F57310F5 /* [CP] Embed Pods Frameworks */ = {
			isa = PBXShellScriptBuildPhase;
			buildActionMask = 2147483647;
			files = (
			);
			inputPaths = (
				"${SRCROOT}/Pods/Target Support Files/Pods-GitHubba/Pods-GitHubba-frameworks.sh",
				"${BUILT_PRODUCTS_DIR}/Alamofire/Alamofire.framework",
				"${BUILT_PRODUCTS_DIR}/PromiseKit/PromiseKit.framework",
			);
			name = "[CP] Embed Pods Frameworks";
			outputPaths = (
				"${TARGET_BUILD_DIR}/${FRAMEWORKS_FOLDER_PATH}/Alamofire.framework",
				"${TARGET_BUILD_DIR}/${FRAMEWORKS_FOLDER_PATH}/PromiseKit.framework",
			);
			runOnlyForDeploymentPostprocessing = 0;
			shellPath = /bin/sh;
			shellScript = "\"${SRCROOT}/Pods/Target Support Files/Pods-GitHubba/Pods-GitHubba-frameworks.sh\"\n";
			showEnvVarsInLog = 0;
		};
		B02DB943FB48E4CE958A08C6 /* [CP] Check Pods Manifest.lock */ = {
			isa = PBXShellScriptBuildPhase;
			buildActionMask = 2147483647;
			files = (
			);
			inputPaths = (
				"${PODS_PODFILE_DIR_PATH}/Podfile.lock",
				"${PODS_ROOT}/Manifest.lock",
			);
			name = "[CP] Check Pods Manifest.lock";
			outputPaths = (
				"$(DERIVED_FILE_DIR)/Pods-GitHubba-checkManifestLockResult.txt",
			);
			runOnlyForDeploymentPostprocessing = 0;
			shellPath = /bin/sh;
			shellScript = "diff \"${PODS_PODFILE_DIR_PATH}/Podfile.lock\" \"${PODS_ROOT}/Manifest.lock\" > /dev/null\nif [ $? != 0 ] ; then\n    # print error to STDERR\n    echo \"error: The sandbox is not in sync with the Podfile.lock. Run 'pod install' or update your CocoaPods installation.\" >&2\n    exit 1\nfi\n# This output is used by Xcode 'outputs' to avoid re-running this script phase.\necho \"SUCCESS\" > \"${SCRIPT_OUTPUT_FILE_0}\"\n";
			showEnvVarsInLog = 0;
		};
/* End PBXShellScriptBuildPhase section */

/* Begin PBXSourcesBuildPhase section */
		6FF9C9EF20B32CF700CAEC65 /* Sources */ = {
			isa = PBXSourcesBuildPhase;
			buildActionMask = 2147483647;
			files = (
				6FF9CA1220B3352500CAEC65 /* Container.swift in Sources */,
				6FF9CA0F20B330E500CAEC65 /* AlamofireGithubAPI.swift in Sources */,
				6FF9CA0920B32EA900CAEC65 /* GithubAPI.swift in Sources */,
				6FF9C9F720B32CF800CAEC65 /* AppDelegate.swift in Sources */,
				6FF9CA0D20B32F8600CAEC65 /* Repo.swift in Sources */,
				6FF9CA1820B336A200CAEC65 /* RepoListViewController.swift in Sources */,
				6FF9CA1420B335CC00CAEC65 /* RootCoordinator.swift in Sources */,
			);
			runOnlyForDeploymentPostprocessing = 0;
		};
/* End PBXSourcesBuildPhase section */

/* Begin PBXVariantGroup section */
		6FF9C9FF20B32CF800CAEC65 /* LaunchScreen.storyboard */ = {
			isa = PBXVariantGroup;
			children = (
				6FF9CA0020B32CF800CAEC65 /* Base */,
			);
			name = LaunchScreen.storyboard;
			sourceTree = "<group>";
		};
/* End PBXVariantGroup section */

/* Begin XCBuildConfiguration section */
		6FF9CA0320B32CF800CAEC65 /* Debug */ = {
			isa = XCBuildConfiguration;
			buildSettings = {
				ALWAYS_SEARCH_USER_PATHS = NO;
				CLANG_ANALYZER_NONNULL = YES;
				CLANG_ANALYZER_NUMBER_OBJECT_CONVERSION = YES_AGGRESSIVE;
				CLANG_CXX_LANGUAGE_STANDARD = "gnu++14";
				CLANG_CXX_LIBRARY = "libc++";
				CLANG_ENABLE_MODULES = YES;
				CLANG_ENABLE_OBJC_ARC = YES;
				CLANG_ENABLE_OBJC_WEAK = YES;
				CLANG_WARN_BLOCK_CAPTURE_AUTORELEASING = YES;
				CLANG_WARN_BOOL_CONVERSION = YES;
				CLANG_WARN_COMMA = YES;
				CLANG_WARN_CONSTANT_CONVERSION = YES;
				CLANG_WARN_DEPRECATED_OBJC_IMPLEMENTATIONS = YES;
				CLANG_WARN_DIRECT_OBJC_ISA_USAGE = YES_ERROR;
				CLANG_WARN_DOCUMENTATION_COMMENTS = YES;
				CLANG_WARN_EMPTY_BODY = YES;
				CLANG_WARN_ENUM_CONVERSION = YES;
				CLANG_WARN_INFINITE_RECURSION = YES;
				CLANG_WARN_INT_CONVERSION = YES;
				CLANG_WARN_NON_LITERAL_NULL_CONVERSION = YES;
				CLANG_WARN_OBJC_IMPLICIT_RETAIN_SELF = YES;
				CLANG_WARN_OBJC_LITERAL_CONVERSION = YES;
				CLANG_WARN_OBJC_ROOT_CLASS = YES_ERROR;
				CLANG_WARN_RANGE_LOOP_ANALYSIS = YES;
				CLANG_WARN_STRICT_PROTOTYPES = YES;
				CLANG_WARN_SUSPICIOUS_MOVE = YES;
				CLANG_WARN_UNGUARDED_AVAILABILITY = YES_AGGRESSIVE;
				CLANG_WARN_UNREACHABLE_CODE = YES;
				CLANG_WARN__DUPLICATE_METHOD_MATCH = YES;
				CODE_SIGN_IDENTITY = "iPhone Developer";
				COPY_PHASE_STRIP = NO;
				DEBUG_INFORMATION_FORMAT = dwarf;
				ENABLE_STRICT_OBJC_MSGSEND = YES;
				ENABLE_TESTABILITY = YES;
				GCC_C_LANGUAGE_STANDARD = gnu11;
				GCC_DYNAMIC_NO_PIC = NO;
				GCC_NO_COMMON_BLOCKS = YES;
				GCC_OPTIMIZATION_LEVEL = 0;
				GCC_PREPROCESSOR_DEFINITIONS = (
					"DEBUG=1",
					"$(inherited)",
				);
				GCC_WARN_64_TO_32_BIT_CONVERSION = YES;
				GCC_WARN_ABOUT_RETURN_TYPE = YES_ERROR;
				GCC_WARN_UNDECLARED_SELECTOR = YES;
				GCC_WARN_UNINITIALIZED_AUTOS = YES_AGGRESSIVE;
				GCC_WARN_UNUSED_FUNCTION = YES;
				GCC_WARN_UNUSED_VARIABLE = YES;
				IPHONEOS_DEPLOYMENT_TARGET = 11.3;
				MTL_ENABLE_DEBUG_INFO = YES;
				ONLY_ACTIVE_ARCH = YES;
				SDKROOT = iphoneos;
				SWIFT_ACTIVE_COMPILATION_CONDITIONS = DEBUG;
				SWIFT_OPTIMIZATION_LEVEL = "-Onone";
			};
			name = Debug;
		};
		6FF9CA0420B32CF800CAEC65 /* Release */ = {
			isa = XCBuildConfiguration;
			buildSettings = {
				ALWAYS_SEARCH_USER_PATHS = NO;
				CLANG_ANALYZER_NONNULL = YES;
				CLANG_ANALYZER_NUMBER_OBJECT_CONVERSION = YES_AGGRESSIVE;
				CLANG_CXX_LANGUAGE_STANDARD = "gnu++14";
				CLANG_CXX_LIBRARY = "libc++";
				CLANG_ENABLE_MODULES = YES;
				CLANG_ENABLE_OBJC_ARC = YES;
				CLANG_ENABLE_OBJC_WEAK = YES;
				CLANG_WARN_BLOCK_CAPTURE_AUTORELEASING = YES;
				CLANG_WARN_BOOL_CONVERSION = YES;
				CLANG_WARN_COMMA = YES;
				CLANG_WARN_CONSTANT_CONVERSION = YES;
				CLANG_WARN_DEPRECATED_OBJC_IMPLEMENTATIONS = YES;
				CLANG_WARN_DIRECT_OBJC_ISA_USAGE = YES_ERROR;
				CLANG_WARN_DOCUMENTATION_COMMENTS = YES;
				CLANG_WARN_EMPTY_BODY = YES;
				CLANG_WARN_ENUM_CONVERSION = YES;
				CLANG_WARN_INFINITE_RECURSION = YES;
				CLANG_WARN_INT_CONVERSION = YES;
				CLANG_WARN_NON_LITERAL_NULL_CONVERSION = YES;
				CLANG_WARN_OBJC_IMPLICIT_RETAIN_SELF = YES;
				CLANG_WARN_OBJC_LITERAL_CONVERSION = YES;
				CLANG_WARN_OBJC_ROOT_CLASS = YES_ERROR;
				CLANG_WARN_RANGE_LOOP_ANALYSIS = YES;
				CLANG_WARN_STRICT_PROTOTYPES = YES;
				CLANG_WARN_SUSPICIOUS_MOVE = YES;
				CLANG_WARN_UNGUARDED_AVAILABILITY = YES_AGGRESSIVE;
				CLANG_WARN_UNREACHABLE_CODE = YES;
				CLANG_WARN__DUPLICATE_METHOD_MATCH = YES;
				CODE_SIGN_IDENTITY = "iPhone Developer";
				COPY_PHASE_STRIP = NO;
				DEBUG_INFORMATION_FORMAT = "dwarf-with-dsym";
				ENABLE_NS_ASSERTIONS = NO;
				ENABLE_STRICT_OBJC_MSGSEND = YES;
				GCC_C_LANGUAGE_STANDARD = gnu11;
				GCC_NO_COMMON_BLOCKS = YES;
				GCC_WARN_64_TO_32_BIT_CONVERSION = YES;
				GCC_WARN_ABOUT_RETURN_TYPE = YES_ERROR;
				GCC_WARN_UNDECLARED_SELECTOR = YES;
				GCC_WARN_UNINITIALIZED_AUTOS = YES_AGGRESSIVE;
				GCC_WARN_UNUSED_FUNCTION = YES;
				GCC_WARN_UNUSED_VARIABLE = YES;
				IPHONEOS_DEPLOYMENT_TARGET = 11.3;
				MTL_ENABLE_DEBUG_INFO = NO;
				SDKROOT = iphoneos;
				SWIFT_COMPILATION_MODE = wholemodule;
				SWIFT_OPTIMIZATION_LEVEL = "-O";
				VALIDATE_PRODUCT = YES;
			};
			name = Release;
		};
		6FF9CA0620B32CF800CAEC65 /* Debug */ = {
			isa = XCBuildConfiguration;
			baseConfigurationReference = 2E503D35C3CCE68DC02D0988 /* Pods-GitHubba.debug.xcconfig */;
			buildSettings = {
				ASSETCATALOG_COMPILER_APPICON_NAME = AppIcon;
				CODE_SIGN_STYLE = Automatic;
				DEVELOPMENT_TEAM = 3EC27F6438;
				INFOPLIST_FILE = GitHubba/Info.plist;
				LD_RUNPATH_SEARCH_PATHS = (
					"$(inherited)",
					"@executable_path/Frameworks",
				);
				PRODUCT_BUNDLE_IDENTIFIER = com.garsd.GitHubba;
				PRODUCT_NAME = "$(TARGET_NAME)";
				SWIFT_VERSION = 4.0;
				TARGETED_DEVICE_FAMILY = "1,2";
			};
			name = Debug;
		};
		6FF9CA0720B32CF800CAEC65 /* Release */ = {
			isa = XCBuildConfiguration;
			baseConfigurationReference = CA868832CD6E4A6D7EF4AB73 /* Pods-GitHubba.release.xcconfig */;
			buildSettings = {
				ASSETCATALOG_COMPILER_APPICON_NAME = AppIcon;
				CODE_SIGN_STYLE = Automatic;
				DEVELOPMENT_TEAM = 3EC27F6438;
				INFOPLIST_FILE = GitHubba/Info.plist;
				LD_RUNPATH_SEARCH_PATHS = (
					"$(inherited)",
					"@executable_path/Frameworks",
				);
				PRODUCT_BUNDLE_IDENTIFIER = com.garsd.GitHubba;
				PRODUCT_NAME = "$(TARGET_NAME)";
				SWIFT_VERSION = 4.0;
				TARGETED_DEVICE_FAMILY = "1,2";
			};
			name = Release;
		};
/* End XCBuildConfiguration section */

/* Begin XCConfigurationList section */
		6FF9C9EE20B32CF700CAEC65 /* Build configuration list for PBXProject "GitHubba" */ = {
			isa = XCConfigurationList;
			buildConfigurations = (
				6FF9CA0320B32CF800CAEC65 /* Debug */,
				6FF9CA0420B32CF800CAEC65 /* Release */,
			);
			defaultConfigurationIsVisible = 0;
			defaultConfigurationName = Release;
		};
		6FF9CA0520B32CF800CAEC65 /* Build configuration list for PBXNativeTarget "GitHubba" */ = {
			isa = XCConfigurationList;
			buildConfigurations = (
				6FF9CA0620B32CF800CAEC65 /* Debug */,
				6FF9CA0720B32CF800CAEC65 /* Release */,
			);
			defaultConfigurationIsVisible = 0;
			defaultConfigurationName = Release;
		};
/* End XCConfigurationList section */
	};
	rootObject = 6FF9C9EB20B32CF700CAEC65 /* Project object */;
}
